
Microsoft Visual Studio Solution File, Format Version 12.00
# Visual Studio Version 17
VisualStudioVersion = 17.14.36623.8 d17.14
MinimumVisualStudioVersion = 10.0.40219.1
Project("{FAE04EC0-301F-11D3-BF4B-00C04F79EFBC}") = "U1-W1-D4-back", "U1-W1-D4-back\U1-W1-D4-back.csproj", "{179A74E0-DDA6-43BC-B232-37BAE54D52DF}"
EndProject
Global
	GlobalSection(SolutionConfigurationPlatforms) = preSolution
		Debug|Any CPU = Debug|Any CPU
		Release|Any CPU = Release|Any CPU
	EndGlobalSection
	GlobalSection(ProjectConfigurationPlatforms) = postSolution
		{179A74E0-DDA6-43BC-B232-37BAE54D52DF}.Debug|Any CPU.ActiveCfg = Debug|Any CPU
		{179A74E0-DDA6-43BC-B232-37BAE54D52DF}.Debug|Any CPU.Build.0 = Debug|Any CPU
		{179A74E0-DDA6-43BC-B232-37BAE54D52DF}.Release|Any CPU.ActiveCfg = Release|Any CPU
		{179A74E0-DDA6-43BC-B232-37BAE54D52DF}.Release|Any CPU.Build.0 = Release|Any CPU
	EndGlobalSection
	GlobalSection(SolutionProperties) = preSolution
		HideSolutionNode = FALSE
	EndGlobalSection
	GlobalSection(ExtensibilityGlobals) = postSolution
		SolutionGuid = {671DD65C-C158-4EAC-A235-CB466BE3F04A}
	EndGlobalSection
EndGlobal
